
Microsoft Visual Studio Solution File, Format Version 12.00
# Visual Studio 14
VisualStudioVersion = 14.0.25420.1
MinimumVisualStudioVersion = 10.0.40219.1
Project("{2150E333-8FDC-42A3-9474-1A3956D46DE8}") = "src", "src", "{CB7D654B-192D-4F21-91C7-98E6D47A6142}"
EndProject
Project("{2150E333-8FDC-42A3-9474-1A3956D46DE8}") = "Solution Items", "Solution Items", "{00007736-389F-498C-92FA-B3EAA5970AD9}"
	ProjectSection(SolutionItems) = preProject
		global.json = global.json
	EndProjectSection
EndProject
Project("{8BB2217D-0F2D-49D1-97BC-3654ED321F3B}") = "IBFramework.Core", "src\IBFramework.Core\IBFramework.Core.xproj", "{6F22D732-D618-408F-B7FF-10E361DDAF47}"
EndProject
Project("{8BB2217D-0F2D-49D1-97BC-3654ED321F3B}") = "IBFramework.IoC", "src\IBFramework.IoC\IBFramework.IoC.xproj", "{35711AEB-F710-4397-A5B7-85BA637CCB3B}"
EndProject
Project("{8BB2217D-0F2D-49D1-97BC-3654ED321F3B}") = "IBFramework.Caching", "src\IBFramework.Caching\IBFramework.Caching.xproj", "{AD9D2A0B-20EC-4874-9A87-8E25EA2A2B26}"
EndProject
Project("{2150E333-8FDC-42A3-9474-1A3956D46DE8}") = "test", "test", "{3D4322AD-E8B4-4B4B-9FE3-958CCCA4825D}"
EndProject
Project("{8BB2217D-0F2D-49D1-97BC-3654ED321F3B}") = "IBFramework.IoC.Test", "src\test\IBFramework.IoC.Test\IBFramework.IoC.Test.xproj", "{F2E4FDA8-BC56-4280-A454-36052BAC4856}"
EndProject
Project("{8BB2217D-0F2D-49D1-97BC-3654ED321F3B}") = "IBFramework.TestHelper", "src\test\IBFramework.TestHelper\IBFramework.TestHelper.xproj", "{5A510D50-7201-44A4-A84E-3033135D7B8B}"
EndProject
Project("{8BB2217D-0F2D-49D1-97BC-3654ED321F3B}") = "IBFramework.Domain", "src\IBFramework.Domain\IBFramework.Domain.xproj", "{649D3AAB-E91F-4B4C-87E9-9B34C32DF87D}"
EndProject
Project("{8BB2217D-0F2D-49D1-97BC-3654ED321F3B}") = "IBFramework.Data.MSSQL", "src\IBFramework.Data.MSSQL\IBFramework.Data.MSSQL.xproj", "{869825AE-0DD1-4F1D-BC16-EA446865C4C7}"
EndProject
Project("{8BB2217D-0F2D-49D1-97BC-3654ED321F3B}") = "IBFramework.Data.Common", "src\IBFramework.Data.Common\IBFramework.Data.Common.xproj", "{B2B53385-69F5-4DCC-9DAB-5A29D22191C2}"
EndProject
Global
	GlobalSection(SolutionConfigurationPlatforms) = preSolution
		Debug|Any CPU = Debug|Any CPU
		Release|Any CPU = Release|Any CPU
	EndGlobalSection
	GlobalSection(ProjectConfigurationPlatforms) = postSolution
		{6F22D732-D618-408F-B7FF-10E361DDAF47}.Debug|Any CPU.ActiveCfg = Debug|Any CPU
		{6F22D732-D618-408F-B7FF-10E361DDAF47}.Debug|Any CPU.Build.0 = Debug|Any CPU
		{6F22D732-D618-408F-B7FF-10E361DDAF47}.Release|Any CPU.ActiveCfg = Release|Any CPU
		{6F22D732-D618-408F-B7FF-10E361DDAF47}.Release|Any CPU.Build.0 = Release|Any CPU
		{35711AEB-F710-4397-A5B7-85BA637CCB3B}.Debug|Any CPU.ActiveCfg = Debug|Any CPU
		{35711AEB-F710-4397-A5B7-85BA637CCB3B}.Debug|Any CPU.Build.0 = Debug|Any CPU
		{35711AEB-F710-4397-A5B7-85BA637CCB3B}.Release|Any CPU.ActiveCfg = Release|Any CPU
		{35711AEB-F710-4397-A5B7-85BA637CCB3B}.Release|Any CPU.Build.0 = Release|Any CPU
		{AD9D2A0B-20EC-4874-9A87-8E25EA2A2B26}.Debug|Any CPU.ActiveCfg = Debug|Any CPU
		{AD9D2A0B-20EC-4874-9A87-8E25EA2A2B26}.Debug|Any CPU.Build.0 = Debug|Any CPU
		{AD9D2A0B-20EC-4874-9A87-8E25EA2A2B26}.Release|Any CPU.ActiveCfg = Release|Any CPU
		{AD9D2A0B-20EC-4874-9A87-8E25EA2A2B26}.Release|Any CPU.Build.0 = Release|Any CPU
		{F2E4FDA8-BC56-4280-A454-36052BAC4856}.Debug|Any CPU.ActiveCfg = Debug|Any CPU
		{F2E4FDA8-BC56-4280-A454-36052BAC4856}.Debug|Any CPU.Build.0 = Debug|Any CPU
		{F2E4FDA8-BC56-4280-A454-36052BAC4856}.Release|Any CPU.ActiveCfg = Release|Any CPU
		{F2E4FDA8-BC56-4280-A454-36052BAC4856}.Release|Any CPU.Build.0 = Release|Any CPU
		{5A510D50-7201-44A4-A84E-3033135D7B8B}.Debug|Any CPU.ActiveCfg = Debug|Any CPU
		{5A510D50-7201-44A4-A84E-3033135D7B8B}.Debug|Any CPU.Build.0 = Debug|Any CPU
		{5A510D50-7201-44A4-A84E-3033135D7B8B}.Release|Any CPU.ActiveCfg = Release|Any CPU
		{5A510D50-7201-44A4-A84E-3033135D7B8B}.Release|Any CPU.Build.0 = Release|Any CPU
		{649D3AAB-E91F-4B4C-87E9-9B34C32DF87D}.Debug|Any CPU.ActiveCfg = Debug|Any CPU
		{649D3AAB-E91F-4B4C-87E9-9B34C32DF87D}.Debug|Any CPU.Build.0 = Debug|Any CPU
		{649D3AAB-E91F-4B4C-87E9-9B34C32DF87D}.Release|Any CPU.ActiveCfg = Release|Any CPU
		{649D3AAB-E91F-4B4C-87E9-9B34C32DF87D}.Release|Any CPU.Build.0 = Release|Any CPU
		{869825AE-0DD1-4F1D-BC16-EA446865C4C7}.Debug|Any CPU.ActiveCfg = Debug|Any CPU
		{869825AE-0DD1-4F1D-BC16-EA446865C4C7}.Debug|Any CPU.Build.0 = Debug|Any CPU
		{869825AE-0DD1-4F1D-BC16-EA446865C4C7}.Release|Any CPU.ActiveCfg = Release|Any CPU
		{869825AE-0DD1-4F1D-BC16-EA446865C4C7}.Release|Any CPU.Build.0 = Release|Any CPU
		{B2B53385-69F5-4DCC-9DAB-5A29D22191C2}.Debug|Any CPU.ActiveCfg = Debug|Any CPU
		{B2B53385-69F5-4DCC-9DAB-5A29D22191C2}.Debug|Any CPU.Build.0 = Debug|Any CPU
		{B2B53385-69F5-4DCC-9DAB-5A29D22191C2}.Release|Any CPU.ActiveCfg = Release|Any CPU
		{B2B53385-69F5-4DCC-9DAB-5A29D22191C2}.Release|Any CPU.Build.0 = Release|Any CPU
	EndGlobalSection
	GlobalSection(SolutionProperties) = preSolution
		HideSolutionNode = FALSE
	EndGlobalSection
	GlobalSection(NestedProjects) = preSolution
		{6F22D732-D618-408F-B7FF-10E361DDAF47} = {CB7D654B-192D-4F21-91C7-98E6D47A6142}
		{35711AEB-F710-4397-A5B7-85BA637CCB3B} = {CB7D654B-192D-4F21-91C7-98E6D47A6142}
		{AD9D2A0B-20EC-4874-9A87-8E25EA2A2B26} = {CB7D654B-192D-4F21-91C7-98E6D47A6142}
		{3D4322AD-E8B4-4B4B-9FE3-958CCCA4825D} = {CB7D654B-192D-4F21-91C7-98E6D47A6142}
		{F2E4FDA8-BC56-4280-A454-36052BAC4856} = {3D4322AD-E8B4-4B4B-9FE3-958CCCA4825D}
		{5A510D50-7201-44A4-A84E-3033135D7B8B} = {3D4322AD-E8B4-4B4B-9FE3-958CCCA4825D}
		{649D3AAB-E91F-4B4C-87E9-9B34C32DF87D} = {CB7D654B-192D-4F21-91C7-98E6D47A6142}
		{869825AE-0DD1-4F1D-BC16-EA446865C4C7} = {CB7D654B-192D-4F21-91C7-98E6D47A6142}
		{B2B53385-69F5-4DCC-9DAB-5A29D22191C2} = {CB7D654B-192D-4F21-91C7-98E6D47A6142}
	EndGlobalSection
EndGlobal
