
Microsoft Visual Studio Solution File, Format Version 12.00
# Visual Studio 14
VisualStudioVersion = 14.0.25420.1
MinimumVisualStudioVersion = 10.0.40219.1
Project("{2150E333-8FDC-42A3-9474-1A3956D46DE8}") = "src", "src", "{CB7D654B-192D-4F21-91C7-98E6D47A6142}"
EndProject
Project("{2150E333-8FDC-42A3-9474-1A3956D46DE8}") = "Solution Items", "Solution Items", "{00007736-389F-498C-92FA-B3EAA5970AD9}"
	ProjectSection(SolutionItems) = preProject
		global.json = global.json
	EndProjectSection
EndProject
Project("{8BB2217D-0F2D-49D1-97BC-3654ED321F3B}") = "IBFramework.Core", "src\IBFramework.Core\IBFramework.Core.xproj", "{6F22D732-D618-408F-B7FF-10E361DDAF47}"
EndProject
Project("{8BB2217D-0F2D-49D1-97BC-3654ED321F3B}") = "IBFramework.IoC", "src\IBFramework.IoC\IBFramework.IoC.xproj", "{35711AEB-F710-4397-A5B7-85BA637CCB3B}"
EndProject
Project("{8BB2217D-0F2D-49D1-97BC-3654ED321F3B}") = "IBFramework.Caching", "src\IBFramework.Caching\IBFramework.Caching.xproj", "{AD9D2A0B-20EC-4874-9A87-8E25EA2A2B26}"
EndProject
Project("{2150E333-8FDC-42A3-9474-1A3956D46DE8}") = "test", "test", "{3D4322AD-E8B4-4B4B-9FE3-958CCCA4825D}"
EndProject
Project("{8BB2217D-0F2D-49D1-97BC-3654ED321F3B}") = "IBFramework.IoC.Test", "src\test\IBFramework.IoC.Test\IBFramework.IoC.Test.xproj", "{F2E4FDA8-BC56-4280-A454-36052BAC4856}"
EndProject
Project("{8BB2217D-0F2D-49D1-97BC-3654ED321F3B}") = "IBFramework.TestHelper", "src\test\IBFramework.TestHelper\IBFramework.TestHelper.xproj", "{5A510D50-7201-44A4-A84E-3033135D7B8B}"
EndProject
Project("{8BB2217D-0F2D-49D1-97BC-3654ED321F3B}") = "IBFramework.Data.MSSQL", "src\IBFramework.Data.MSSQL\IBFramework.Data.MSSQL.xproj", "{869825AE-0DD1-4F1D-BC16-EA446865C4C7}"
EndProject
Project("{8BB2217D-0F2D-49D1-97BC-3654ED321F3B}") = "IBFramework.Data.Common", "src\IBFramework.Data.Common\IBFramework.Data.Common.xproj", "{B2B53385-69F5-4DCC-9DAB-5A29D22191C2}"
EndProject
Project("{8BB2217D-0F2D-49D1-97BC-3654ED321F3B}") = "IBFramework.Caching.Test", "src\test\IBFramework.Caching.Test\IBFramework.Caching.Test.xproj", "{740FF5F4-5FE7-40E0-9C2B-40B671A69B01}"
EndProject
Project("{8BB2217D-0F2D-49D1-97BC-3654ED321F3B}") = "IBFramework.Utility", "src\IBFramework.Utility\IBFramework.Utility.xproj", "{61421D8E-BD29-40FF-87E1-9FA6E126A928}"
EndProject
Project("{8BB2217D-0F2D-49D1-97BC-3654ED321F3B}") = "IBFramework.Data.Common.Test", "src\test\IBFramework.Data.Common.Test\IBFramework.Data.Common.Test.xproj", "{84E8C805-19A2-4972-A9AA-911CA5BF8056}"
EndProject
Project("{00D1A9C2-B5F0-4AF3-8072-F6C62B433612}") = "IBFramework.Database.Test", "IBFramework.Database.Test\IBFramework.Database.Test.sqlproj", "{90CCF192-9A63-46B8-BF2B-7E4DC2AAC88D}"
EndProject
Project("{8BB2217D-0F2D-49D1-97BC-3654ED321F3B}") = "IBFramework.Utility.Test", "src\test\IBFramework.Utility.Test\IBFramework.Utility.Test.xproj", "{2A3BFE1C-89F3-4954-9B63-6547AAA23815}"
EndProject
Project("{8BB2217D-0F2D-49D1-97BC-3654ED321F3B}") = "IBFramework.Data.MSSQL.Test", "src\test\IBFramework.Data.MSSQL.Test\IBFramework.Data.MSSQL.Test.xproj", "{1CCC2DE1-A50B-43C0-B16D-B929816C131B}"
EndProject
Project("{8BB2217D-0F2D-49D1-97BC-3654ED321F3B}") = "IBFramework.Data.MSSQL.IntegrationTest", "src\test\IBFramework.Data.MSSQL.IntegrationTest\IBFramework.Data.MSSQL.IntegrationTest.xproj", "{AD5112C5-81AF-485E-B33B-86D84255DA39}"
EndProject
Project("{8BB2217D-0F2D-49D1-97BC-3654ED321F3B}") = "IBFramework.TestUtilities", "src\test\IBFramework.TestUtilities\IBFramework.TestUtilities.xproj", "{512F7FF3-A6E6-4F50-9C99-D687687D90BF}"
EndProject
Project("{8BB2217D-0F2D-49D1-97BC-3654ED321F3B}") = "IBFramework.Data.MySQL", "src\IBFramework.Data.MySQL\IBFramework.Data.MySQL.xproj", "{35F1FAD2-8B64-4699-A542-121F942B165C}"
EndProject
Project("{8BB2217D-0F2D-49D1-97BC-3654ED321F3B}") = "IBFramework.Data.MySQL.Test", "src\test\IBFramework.Data.MySQL.Test\IBFramework.Data.MySQL.Test.xproj", "{C015F1F4-2541-448B-B024-2AE240B76D02}"
EndProject
Project("{8BB2217D-0F2D-49D1-97BC-3654ED321F3B}") = "IBFramework.Data.MySQL.IntegrationTest", "src\test\IBFramework.Data.MySQL.IntegrationTest\IBFramework.Data.MySQL.IntegrationTest.xproj", "{EAC4DF5B-CC82-4CC4-BDC4-FD9747EB7B80}"
EndProject
Global
	GlobalSection(SolutionConfigurationPlatforms) = preSolution
		Debug|Any CPU = Debug|Any CPU
		Release|Any CPU = Release|Any CPU
	EndGlobalSection
	GlobalSection(ProjectConfigurationPlatforms) = postSolution
		{6F22D732-D618-408F-B7FF-10E361DDAF47}.Debug|Any CPU.ActiveCfg = Debug|Any CPU
		{6F22D732-D618-408F-B7FF-10E361DDAF47}.Debug|Any CPU.Build.0 = Debug|Any CPU
		{6F22D732-D618-408F-B7FF-10E361DDAF47}.Release|Any CPU.ActiveCfg = Release|Any CPU
		{6F22D732-D618-408F-B7FF-10E361DDAF47}.Release|Any CPU.Build.0 = Release|Any CPU
		{35711AEB-F710-4397-A5B7-85BA637CCB3B}.Debug|Any CPU.ActiveCfg = Debug|Any CPU
		{35711AEB-F710-4397-A5B7-85BA637CCB3B}.Debug|Any CPU.Build.0 = Debug|Any CPU
		{35711AEB-F710-4397-A5B7-85BA637CCB3B}.Release|Any CPU.ActiveCfg = Release|Any CPU
		{35711AEB-F710-4397-A5B7-85BA637CCB3B}.Release|Any CPU.Build.0 = Release|Any CPU
		{AD9D2A0B-20EC-4874-9A87-8E25EA2A2B26}.Debug|Any CPU.ActiveCfg = Debug|Any CPU
		{AD9D2A0B-20EC-4874-9A87-8E25EA2A2B26}.Debug|Any CPU.Build.0 = Debug|Any CPU
		{AD9D2A0B-20EC-4874-9A87-8E25EA2A2B26}.Release|Any CPU.ActiveCfg = Release|Any CPU
		{AD9D2A0B-20EC-4874-9A87-8E25EA2A2B26}.Release|Any CPU.Build.0 = Release|Any CPU
		{F2E4FDA8-BC56-4280-A454-36052BAC4856}.Debug|Any CPU.ActiveCfg = Debug|Any CPU
		{F2E4FDA8-BC56-4280-A454-36052BAC4856}.Debug|Any CPU.Build.0 = Debug|Any CPU
		{F2E4FDA8-BC56-4280-A454-36052BAC4856}.Release|Any CPU.ActiveCfg = Release|Any CPU
		{F2E4FDA8-BC56-4280-A454-36052BAC4856}.Release|Any CPU.Build.0 = Release|Any CPU
		{5A510D50-7201-44A4-A84E-3033135D7B8B}.Debug|Any CPU.ActiveCfg = Debug|Any CPU
		{5A510D50-7201-44A4-A84E-3033135D7B8B}.Debug|Any CPU.Build.0 = Debug|Any CPU
		{5A510D50-7201-44A4-A84E-3033135D7B8B}.Release|Any CPU.ActiveCfg = Release|Any CPU
		{5A510D50-7201-44A4-A84E-3033135D7B8B}.Release|Any CPU.Build.0 = Release|Any CPU
		{869825AE-0DD1-4F1D-BC16-EA446865C4C7}.Debug|Any CPU.ActiveCfg = Debug|Any CPU
		{869825AE-0DD1-4F1D-BC16-EA446865C4C7}.Debug|Any CPU.Build.0 = Debug|Any CPU
		{869825AE-0DD1-4F1D-BC16-EA446865C4C7}.Release|Any CPU.ActiveCfg = Release|Any CPU
		{869825AE-0DD1-4F1D-BC16-EA446865C4C7}.Release|Any CPU.Build.0 = Release|Any CPU
		{B2B53385-69F5-4DCC-9DAB-5A29D22191C2}.Debug|Any CPU.ActiveCfg = Debug|Any CPU
		{B2B53385-69F5-4DCC-9DAB-5A29D22191C2}.Debug|Any CPU.Build.0 = Debug|Any CPU
		{B2B53385-69F5-4DCC-9DAB-5A29D22191C2}.Release|Any CPU.ActiveCfg = Release|Any CPU
		{B2B53385-69F5-4DCC-9DAB-5A29D22191C2}.Release|Any CPU.Build.0 = Release|Any CPU
		{740FF5F4-5FE7-40E0-9C2B-40B671A69B01}.Debug|Any CPU.ActiveCfg = Debug|Any CPU
		{740FF5F4-5FE7-40E0-9C2B-40B671A69B01}.Debug|Any CPU.Build.0 = Debug|Any CPU
		{740FF5F4-5FE7-40E0-9C2B-40B671A69B01}.Release|Any CPU.ActiveCfg = Release|Any CPU
		{740FF5F4-5FE7-40E0-9C2B-40B671A69B01}.Release|Any CPU.Build.0 = Release|Any CPU
		{61421D8E-BD29-40FF-87E1-9FA6E126A928}.Debug|Any CPU.ActiveCfg = Debug|Any CPU
		{61421D8E-BD29-40FF-87E1-9FA6E126A928}.Debug|Any CPU.Build.0 = Debug|Any CPU
		{61421D8E-BD29-40FF-87E1-9FA6E126A928}.Release|Any CPU.ActiveCfg = Release|Any CPU
		{61421D8E-BD29-40FF-87E1-9FA6E126A928}.Release|Any CPU.Build.0 = Release|Any CPU
		{84E8C805-19A2-4972-A9AA-911CA5BF8056}.Debug|Any CPU.ActiveCfg = Debug|Any CPU
		{84E8C805-19A2-4972-A9AA-911CA5BF8056}.Debug|Any CPU.Build.0 = Debug|Any CPU
		{84E8C805-19A2-4972-A9AA-911CA5BF8056}.Release|Any CPU.ActiveCfg = Release|Any CPU
		{84E8C805-19A2-4972-A9AA-911CA5BF8056}.Release|Any CPU.Build.0 = Release|Any CPU
		{90CCF192-9A63-46B8-BF2B-7E4DC2AAC88D}.Debug|Any CPU.ActiveCfg = Debug|Any CPU
		{90CCF192-9A63-46B8-BF2B-7E4DC2AAC88D}.Debug|Any CPU.Build.0 = Debug|Any CPU
		{90CCF192-9A63-46B8-BF2B-7E4DC2AAC88D}.Debug|Any CPU.Deploy.0 = Debug|Any CPU
		{90CCF192-9A63-46B8-BF2B-7E4DC2AAC88D}.Release|Any CPU.ActiveCfg = Release|Any CPU
		{90CCF192-9A63-46B8-BF2B-7E4DC2AAC88D}.Release|Any CPU.Build.0 = Release|Any CPU
		{90CCF192-9A63-46B8-BF2B-7E4DC2AAC88D}.Release|Any CPU.Deploy.0 = Release|Any CPU
		{2A3BFE1C-89F3-4954-9B63-6547AAA23815}.Debug|Any CPU.ActiveCfg = Debug|Any CPU
		{2A3BFE1C-89F3-4954-9B63-6547AAA23815}.Debug|Any CPU.Build.0 = Debug|Any CPU
		{2A3BFE1C-89F3-4954-9B63-6547AAA23815}.Release|Any CPU.ActiveCfg = Release|Any CPU
		{2A3BFE1C-89F3-4954-9B63-6547AAA23815}.Release|Any CPU.Build.0 = Release|Any CPU
		{1CCC2DE1-A50B-43C0-B16D-B929816C131B}.Debug|Any CPU.ActiveCfg = Debug|Any CPU
		{1CCC2DE1-A50B-43C0-B16D-B929816C131B}.Debug|Any CPU.Build.0 = Debug|Any CPU
		{1CCC2DE1-A50B-43C0-B16D-B929816C131B}.Release|Any CPU.ActiveCfg = Release|Any CPU
		{1CCC2DE1-A50B-43C0-B16D-B929816C131B}.Release|Any CPU.Build.0 = Release|Any CPU
		{AD5112C5-81AF-485E-B33B-86D84255DA39}.Debug|Any CPU.ActiveCfg = Debug|Any CPU
		{AD5112C5-81AF-485E-B33B-86D84255DA39}.Debug|Any CPU.Build.0 = Debug|Any CPU
		{AD5112C5-81AF-485E-B33B-86D84255DA39}.Release|Any CPU.ActiveCfg = Release|Any CPU
		{AD5112C5-81AF-485E-B33B-86D84255DA39}.Release|Any CPU.Build.0 = Release|Any CPU
		{512F7FF3-A6E6-4F50-9C99-D687687D90BF}.Debug|Any CPU.ActiveCfg = Debug|Any CPU
		{512F7FF3-A6E6-4F50-9C99-D687687D90BF}.Debug|Any CPU.Build.0 = Debug|Any CPU
		{512F7FF3-A6E6-4F50-9C99-D687687D90BF}.Release|Any CPU.ActiveCfg = Release|Any CPU
		{512F7FF3-A6E6-4F50-9C99-D687687D90BF}.Release|Any CPU.Build.0 = Release|Any CPU
		{35F1FAD2-8B64-4699-A542-121F942B165C}.Debug|Any CPU.ActiveCfg = Debug|Any CPU
		{35F1FAD2-8B64-4699-A542-121F942B165C}.Debug|Any CPU.Build.0 = Debug|Any CPU
		{35F1FAD2-8B64-4699-A542-121F942B165C}.Release|Any CPU.ActiveCfg = Release|Any CPU
		{35F1FAD2-8B64-4699-A542-121F942B165C}.Release|Any CPU.Build.0 = Release|Any CPU
		{C015F1F4-2541-448B-B024-2AE240B76D02}.Debug|Any CPU.ActiveCfg = Debug|Any CPU
		{C015F1F4-2541-448B-B024-2AE240B76D02}.Debug|Any CPU.Build.0 = Debug|Any CPU
		{C015F1F4-2541-448B-B024-2AE240B76D02}.Release|Any CPU.ActiveCfg = Release|Any CPU
		{C015F1F4-2541-448B-B024-2AE240B76D02}.Release|Any CPU.Build.0 = Release|Any CPU
		{EAC4DF5B-CC82-4CC4-BDC4-FD9747EB7B80}.Debug|Any CPU.ActiveCfg = Debug|Any CPU
		{EAC4DF5B-CC82-4CC4-BDC4-FD9747EB7B80}.Debug|Any CPU.Build.0 = Debug|Any CPU
		{EAC4DF5B-CC82-4CC4-BDC4-FD9747EB7B80}.Release|Any CPU.ActiveCfg = Release|Any CPU
		{EAC4DF5B-CC82-4CC4-BDC4-FD9747EB7B80}.Release|Any CPU.Build.0 = Release|Any CPU
	EndGlobalSection
	GlobalSection(SolutionProperties) = preSolution
		HideSolutionNode = FALSE
	EndGlobalSection
	GlobalSection(NestedProjects) = preSolution
		{6F22D732-D618-408F-B7FF-10E361DDAF47} = {CB7D654B-192D-4F21-91C7-98E6D47A6142}
		{35711AEB-F710-4397-A5B7-85BA637CCB3B} = {CB7D654B-192D-4F21-91C7-98E6D47A6142}
		{AD9D2A0B-20EC-4874-9A87-8E25EA2A2B26} = {CB7D654B-192D-4F21-91C7-98E6D47A6142}
		{3D4322AD-E8B4-4B4B-9FE3-958CCCA4825D} = {CB7D654B-192D-4F21-91C7-98E6D47A6142}
		{F2E4FDA8-BC56-4280-A454-36052BAC4856} = {3D4322AD-E8B4-4B4B-9FE3-958CCCA4825D}
		{5A510D50-7201-44A4-A84E-3033135D7B8B} = {3D4322AD-E8B4-4B4B-9FE3-958CCCA4825D}
		{869825AE-0DD1-4F1D-BC16-EA446865C4C7} = {CB7D654B-192D-4F21-91C7-98E6D47A6142}
		{B2B53385-69F5-4DCC-9DAB-5A29D22191C2} = {CB7D654B-192D-4F21-91C7-98E6D47A6142}
		{740FF5F4-5FE7-40E0-9C2B-40B671A69B01} = {3D4322AD-E8B4-4B4B-9FE3-958CCCA4825D}
		{61421D8E-BD29-40FF-87E1-9FA6E126A928} = {CB7D654B-192D-4F21-91C7-98E6D47A6142}
		{84E8C805-19A2-4972-A9AA-911CA5BF8056} = {3D4322AD-E8B4-4B4B-9FE3-958CCCA4825D}
		{90CCF192-9A63-46B8-BF2B-7E4DC2AAC88D} = {3D4322AD-E8B4-4B4B-9FE3-958CCCA4825D}
		{2A3BFE1C-89F3-4954-9B63-6547AAA23815} = {3D4322AD-E8B4-4B4B-9FE3-958CCCA4825D}
		{1CCC2DE1-A50B-43C0-B16D-B929816C131B} = {3D4322AD-E8B4-4B4B-9FE3-958CCCA4825D}
		{AD5112C5-81AF-485E-B33B-86D84255DA39} = {3D4322AD-E8B4-4B4B-9FE3-958CCCA4825D}
		{512F7FF3-A6E6-4F50-9C99-D687687D90BF} = {3D4322AD-E8B4-4B4B-9FE3-958CCCA4825D}
		{35F1FAD2-8B64-4699-A542-121F942B165C} = {CB7D654B-192D-4F21-91C7-98E6D47A6142}
		{C015F1F4-2541-448B-B024-2AE240B76D02} = {3D4322AD-E8B4-4B4B-9FE3-958CCCA4825D}
		{EAC4DF5B-CC82-4CC4-BDC4-FD9747EB7B80} = {3D4322AD-E8B4-4B4B-9FE3-958CCCA4825D}
	EndGlobalSection
EndGlobal
