
Microsoft Visual Studio Solution File, Format Version 12.00
# Visual Studio 14
VisualStudioVersion = 14.0.25420.1
MinimumVisualStudioVersion = 10.0.40219.1
Project("{2150E333-8FDC-42A3-9474-1A3956D46DE8}") = "src", "src", "{CB7D654B-192D-4F21-91C7-98E6D47A6142}"
EndProject
Project("{2150E333-8FDC-42A3-9474-1A3956D46DE8}") = "Solution Items", "Solution Items", "{00007736-389F-498C-92FA-B3EAA5970AD9}"
	ProjectSection(SolutionItems) = preProject
		global.json = global.json
	EndProjectSection
EndProject
Project("{2150E333-8FDC-42A3-9474-1A3956D46DE8}") = "Auth0", "Auth0", "{EC9AD370-118E-4A57-B2EA-37FCB11933F9}"
EndProject
Project("{2150E333-8FDC-42A3-9474-1A3956D46DE8}") = "Caching", "Caching", "{A7DA07A0-C8EC-451C-BD1C-1595EEF36FEB}"
EndProject
Project("{2150E333-8FDC-42A3-9474-1A3956D46DE8}") = "Data", "Data", "{E179ECE7-5BFE-4B6E-B666-CBA940083744}"
EndProject
Project("{2150E333-8FDC-42A3-9474-1A3956D46DE8}") = "Test", "Test", "{F337ED42-BC9D-469C-AF3D-2A11865194BE}"
EndProject
Project("{2150E333-8FDC-42A3-9474-1A3956D46DE8}") = "IoC", "IoC", "{1B6EEB5C-2154-4238-BFF8-45EF7C15B0BB}"
EndProject
Project("{2150E333-8FDC-42A3-9474-1A3956D46DE8}") = "MailChimp", "MailChimp", "{CCF2C13D-C324-4398-BCFE-08C73550DE8B}"
EndProject
Project("{2150E333-8FDC-42A3-9474-1A3956D46DE8}") = "Utility", "Utility", "{5B793D34-B5A6-4BB1-8CB5-D7F7D4C625AB}"
EndProject
Project("{8BB2217D-0F2D-49D1-97BC-3654ED321F3B}") = "IBFramework.Caching", "src\Caching\IBFramework.Caching\IBFramework.Caching.xproj", "{AD9D2A0B-20EC-4874-9A87-8E25EA2A2B26}"
EndProject
Project("{8BB2217D-0F2D-49D1-97BC-3654ED321F3B}") = "IBFramework.Caching.Test", "src\Caching\IBFramework.Caching.Test\IBFramework.Caching.Test.xproj", "{740FF5F4-5FE7-40E0-9C2B-40B671A69B01}"
EndProject
Project("{2150E333-8FDC-42A3-9474-1A3956D46DE8}") = "MySQL", "MySQL", "{E2939581-2EB6-4A52-A732-AAA7E8345313}"
EndProject
Project("{2150E333-8FDC-42A3-9474-1A3956D46DE8}") = "MSSQL", "MSSQL", "{D57D02BE-CDB3-46A9-BC75-FDED1606CA07}"
EndProject
Project("{8BB2217D-0F2D-49D1-97BC-3654ED321F3B}") = "IBFramework.Data.Common", "src\Data\IBFramework.Data.Common\IBFramework.Data.Common.xproj", "{B2B53385-69F5-4DCC-9DAB-5A29D22191C2}"
EndProject
Project("{8BB2217D-0F2D-49D1-97BC-3654ED321F3B}") = "IBFramework.Data.Common.Test", "src\Data\IBFramework.Data.Common.Test\IBFramework.Data.Common.Test.xproj", "{84E8C805-19A2-4972-A9AA-911CA5BF8056}"
EndProject
Project("{8BB2217D-0F2D-49D1-97BC-3654ED321F3B}") = "IBFramework.Data.MSSQL", "src\Data\MSSSQL\IBFramework.Data.MSSQL\IBFramework.Data.MSSQL.xproj", "{869825AE-0DD1-4F1D-BC16-EA446865C4C7}"
EndProject
Project("{8BB2217D-0F2D-49D1-97BC-3654ED321F3B}") = "IBFramework.Data.MSSQL.IntegrationTest", "src\Data\MSSSQL\IBFramework.Data.MSSQL.IntegrationTest\IBFramework.Data.MSSQL.IntegrationTest.xproj", "{AD5112C5-81AF-485E-B33B-86D84255DA39}"
EndProject
Project("{8BB2217D-0F2D-49D1-97BC-3654ED321F3B}") = "IBFramework.Data.MSSQL.Test", "src\Data\MSSSQL\IBFramework.Data.MSSQL.Test\IBFramework.Data.MSSQL.Test.xproj", "{1CCC2DE1-A50B-43C0-B16D-B929816C131B}"
EndProject
Project("{00D1A9C2-B5F0-4AF3-8072-F6C62B433612}") = "IBFramework.Database.Test", "src\Data\MSSSQL\IBFramework.Database.Test\IBFramework.Database.Test.sqlproj", "{90CCF192-9A63-46B8-BF2B-7E4DC2AAC88D}"
EndProject
Project("{8BB2217D-0F2D-49D1-97BC-3654ED321F3B}") = "IBFramework.Data.MySQL", "src\Data\MySQL\IBFramework.Data.MySQL\IBFramework.Data.MySQL.xproj", "{35F1FAD2-8B64-4699-A542-121F942B165C}"
EndProject
Project("{8BB2217D-0F2D-49D1-97BC-3654ED321F3B}") = "IBFramework.Data.MySQL.IntegrationTest", "src\Data\MySQL\IBFramework.Data.MySQL.IntegrationTest\IBFramework.Data.MySQL.IntegrationTest.xproj", "{EAC4DF5B-CC82-4CC4-BDC4-FD9747EB7B80}"
EndProject
Project("{8BB2217D-0F2D-49D1-97BC-3654ED321F3B}") = "IBFramework.Data.MySQL.Test", "src\Data\MySQL\IBFramework.Data.MySQL.Test\IBFramework.Data.MySQL.Test.xproj", "{C015F1F4-2541-448B-B024-2AE240B76D02}"
EndProject
Project("{8BB2217D-0F2D-49D1-97BC-3654ED321F3B}") = "IBFramework.IoC", "src\IoC\IBFramework.IoC\IBFramework.IoC.xproj", "{35711AEB-F710-4397-A5B7-85BA637CCB3B}"
EndProject
Project("{8BB2217D-0F2D-49D1-97BC-3654ED321F3B}") = "IBFramework.IoC.Test", "src\IoC\IBFramework.IoC.Test\IBFramework.IoC.Test.xproj", "{F2E4FDA8-BC56-4280-A454-36052BAC4856}"
EndProject
Project("{8BB2217D-0F2D-49D1-97BC-3654ED321F3B}") = "IBFramework.TestHelper", "src\Test\IBFramework.TestHelper\IBFramework.TestHelper.xproj", "{4FB13BAA-D7D2-4311-B141-9578AE1E5DC0}"
EndProject
Project("{8BB2217D-0F2D-49D1-97BC-3654ED321F3B}") = "IBFramework.TestUtilities", "src\Test\IBFramework.TestUtilities\IBFramework.TestUtilities.xproj", "{0104F636-AE16-44D8-BC88-A930199FA8AC}"
EndProject
Project("{8BB2217D-0F2D-49D1-97BC-3654ED321F3B}") = "IBFramework.Utility", "src\Utility\IBFramework.Utility\IBFramework.Utility.xproj", "{61421D8E-BD29-40FF-87E1-9FA6E126A928}"
EndProject
Project("{8BB2217D-0F2D-49D1-97BC-3654ED321F3B}") = "IBFramework.Utility.Test", "src\Utility\IBFramework.Utility.Test\IBFramework.Utility.Test.xproj", "{2A3BFE1C-89F3-4954-9B63-6547AAA23815}"
EndProject
Project("{8BB2217D-0F2D-49D1-97BC-3654ED321F3B}") = "IBFramework.Caching.Core", "src\Caching\IBFramework.Caching.Core\IBFramework.Caching.Core.xproj", "{2B9E08C9-2548-4782-9CD7-B5B3DC87947B}"
EndProject
Project("{8BB2217D-0F2D-49D1-97BC-3654ED321F3B}") = "IBFramework.IoC.Core", "src\IoC\IBFramework.IoC.Core\IBFramework.IoC.Core.xproj", "{1FF72500-C093-4684-A873-DE05F9258B24}"
EndProject
Project("{8BB2217D-0F2D-49D1-97BC-3654ED321F3B}") = "IBFramework.Utility.Core", "src\Utility\IBFramework.Utility.Core\IBFramework.Utility.Core.xproj", "{526F5C25-F6E3-4670-B9DE-1D229B3E5A68}"
EndProject
Project("{8BB2217D-0F2D-49D1-97BC-3654ED321F3B}") = "IBFramework.Data.Core", "src\Data\IBFramework.Data.Core\IBFramework.Data.Core.xproj", "{026D0696-6257-484A-B813-707DE4470A26}"
EndProject
Project("{2150E333-8FDC-42A3-9474-1A3956D46DE8}") = "Transformer", "Transformer", "{5EB5B69C-E138-477C-B765-295E2C88D205}"
EndProject
Project("{8BB2217D-0F2D-49D1-97BC-3654ED321F3B}") = "IBFramework.Caching.IoC", "src\Caching\IBFramework.Caching.IoC\IBFramework.Caching.IoC.xproj", "{E5F90D64-25D0-45A0-9B0B-CDF3DFBA71AF}"
EndProject
Project("{8BB2217D-0F2D-49D1-97BC-3654ED321F3B}") = "IBFramework.Data.Common.IoC", "src\Data\IBFramework.Data.Common.IoC\IBFramework.Data.Common.IoC.xproj", "{040C97F4-61AB-4640-B0EB-E060E4518F6C}"
EndProject
Project("{8BB2217D-0F2D-49D1-97BC-3654ED321F3B}") = "IBFramework.Utility.IoC", "src\Utility\IBFramework.Utility.IoC\IBFramework.Utility.IoC.xproj", "{7828CF90-728E-4B35-9871-2414F4A38991}"
EndProject
Project("{8BB2217D-0F2D-49D1-97BC-3654ED321F3B}") = "IBFramework.IoC.IoC", "src\IoC\IBFramework.IoC.IoC\IBFramework.IoC.IoC.xproj", "{35EC25B6-78D6-4B2A-B64F-E1E94EB71816}"
EndProject
Project("{8BB2217D-0F2D-49D1-97BC-3654ED321F3B}") = "IBFramework.Data.MySQL.IoC", "src\Data\MySQL\IBFramework.Data.MySQL.IoC\IBFramework.Data.MySQL.IoC.xproj", "{1B0C48A9-D27B-4953-9AC7-323813E6487A}"
EndProject
Global
	GlobalSection(SolutionConfigurationPlatforms) = preSolution
		Debug|Any CPU = Debug|Any CPU
		Release|Any CPU = Release|Any CPU
	EndGlobalSection
	GlobalSection(ProjectConfigurationPlatforms) = postSolution
		{AD9D2A0B-20EC-4874-9A87-8E25EA2A2B26}.Debug|Any CPU.ActiveCfg = Debug|Any CPU
		{AD9D2A0B-20EC-4874-9A87-8E25EA2A2B26}.Debug|Any CPU.Build.0 = Debug|Any CPU
		{AD9D2A0B-20EC-4874-9A87-8E25EA2A2B26}.Release|Any CPU.ActiveCfg = Release|Any CPU
		{AD9D2A0B-20EC-4874-9A87-8E25EA2A2B26}.Release|Any CPU.Build.0 = Release|Any CPU
		{740FF5F4-5FE7-40E0-9C2B-40B671A69B01}.Debug|Any CPU.ActiveCfg = Debug|Any CPU
		{740FF5F4-5FE7-40E0-9C2B-40B671A69B01}.Debug|Any CPU.Build.0 = Debug|Any CPU
		{740FF5F4-5FE7-40E0-9C2B-40B671A69B01}.Release|Any CPU.ActiveCfg = Release|Any CPU
		{740FF5F4-5FE7-40E0-9C2B-40B671A69B01}.Release|Any CPU.Build.0 = Release|Any CPU
		{B2B53385-69F5-4DCC-9DAB-5A29D22191C2}.Debug|Any CPU.ActiveCfg = Debug|Any CPU
		{B2B53385-69F5-4DCC-9DAB-5A29D22191C2}.Debug|Any CPU.Build.0 = Debug|Any CPU
		{B2B53385-69F5-4DCC-9DAB-5A29D22191C2}.Release|Any CPU.ActiveCfg = Release|Any CPU
		{B2B53385-69F5-4DCC-9DAB-5A29D22191C2}.Release|Any CPU.Build.0 = Release|Any CPU
		{84E8C805-19A2-4972-A9AA-911CA5BF8056}.Debug|Any CPU.ActiveCfg = Debug|Any CPU
		{84E8C805-19A2-4972-A9AA-911CA5BF8056}.Debug|Any CPU.Build.0 = Debug|Any CPU
		{84E8C805-19A2-4972-A9AA-911CA5BF8056}.Release|Any CPU.ActiveCfg = Release|Any CPU
		{84E8C805-19A2-4972-A9AA-911CA5BF8056}.Release|Any CPU.Build.0 = Release|Any CPU
		{869825AE-0DD1-4F1D-BC16-EA446865C4C7}.Debug|Any CPU.ActiveCfg = Debug|Any CPU
		{869825AE-0DD1-4F1D-BC16-EA446865C4C7}.Debug|Any CPU.Build.0 = Debug|Any CPU
		{869825AE-0DD1-4F1D-BC16-EA446865C4C7}.Release|Any CPU.ActiveCfg = Release|Any CPU
		{869825AE-0DD1-4F1D-BC16-EA446865C4C7}.Release|Any CPU.Build.0 = Release|Any CPU
		{AD5112C5-81AF-485E-B33B-86D84255DA39}.Debug|Any CPU.ActiveCfg = Debug|Any CPU
		{AD5112C5-81AF-485E-B33B-86D84255DA39}.Debug|Any CPU.Build.0 = Debug|Any CPU
		{AD5112C5-81AF-485E-B33B-86D84255DA39}.Release|Any CPU.ActiveCfg = Release|Any CPU
		{AD5112C5-81AF-485E-B33B-86D84255DA39}.Release|Any CPU.Build.0 = Release|Any CPU
		{1CCC2DE1-A50B-43C0-B16D-B929816C131B}.Debug|Any CPU.ActiveCfg = Debug|Any CPU
		{1CCC2DE1-A50B-43C0-B16D-B929816C131B}.Debug|Any CPU.Build.0 = Debug|Any CPU
		{1CCC2DE1-A50B-43C0-B16D-B929816C131B}.Release|Any CPU.ActiveCfg = Release|Any CPU
		{1CCC2DE1-A50B-43C0-B16D-B929816C131B}.Release|Any CPU.Build.0 = Release|Any CPU
		{90CCF192-9A63-46B8-BF2B-7E4DC2AAC88D}.Debug|Any CPU.ActiveCfg = Debug|Any CPU
		{90CCF192-9A63-46B8-BF2B-7E4DC2AAC88D}.Debug|Any CPU.Build.0 = Debug|Any CPU
		{90CCF192-9A63-46B8-BF2B-7E4DC2AAC88D}.Debug|Any CPU.Deploy.0 = Debug|Any CPU
		{90CCF192-9A63-46B8-BF2B-7E4DC2AAC88D}.Release|Any CPU.ActiveCfg = Release|Any CPU
		{90CCF192-9A63-46B8-BF2B-7E4DC2AAC88D}.Release|Any CPU.Build.0 = Release|Any CPU
		{90CCF192-9A63-46B8-BF2B-7E4DC2AAC88D}.Release|Any CPU.Deploy.0 = Release|Any CPU
		{35F1FAD2-8B64-4699-A542-121F942B165C}.Debug|Any CPU.ActiveCfg = Debug|Any CPU
		{35F1FAD2-8B64-4699-A542-121F942B165C}.Debug|Any CPU.Build.0 = Debug|Any CPU
		{35F1FAD2-8B64-4699-A542-121F942B165C}.Release|Any CPU.ActiveCfg = Release|Any CPU
		{35F1FAD2-8B64-4699-A542-121F942B165C}.Release|Any CPU.Build.0 = Release|Any CPU
		{EAC4DF5B-CC82-4CC4-BDC4-FD9747EB7B80}.Debug|Any CPU.ActiveCfg = Debug|Any CPU
		{EAC4DF5B-CC82-4CC4-BDC4-FD9747EB7B80}.Debug|Any CPU.Build.0 = Debug|Any CPU
		{EAC4DF5B-CC82-4CC4-BDC4-FD9747EB7B80}.Release|Any CPU.ActiveCfg = Release|Any CPU
		{EAC4DF5B-CC82-4CC4-BDC4-FD9747EB7B80}.Release|Any CPU.Build.0 = Release|Any CPU
		{C015F1F4-2541-448B-B024-2AE240B76D02}.Debug|Any CPU.ActiveCfg = Debug|Any CPU
		{C015F1F4-2541-448B-B024-2AE240B76D02}.Debug|Any CPU.Build.0 = Debug|Any CPU
		{C015F1F4-2541-448B-B024-2AE240B76D02}.Release|Any CPU.ActiveCfg = Release|Any CPU
		{C015F1F4-2541-448B-B024-2AE240B76D02}.Release|Any CPU.Build.0 = Release|Any CPU
		{35711AEB-F710-4397-A5B7-85BA637CCB3B}.Debug|Any CPU.ActiveCfg = Debug|Any CPU
		{35711AEB-F710-4397-A5B7-85BA637CCB3B}.Debug|Any CPU.Build.0 = Debug|Any CPU
		{35711AEB-F710-4397-A5B7-85BA637CCB3B}.Release|Any CPU.ActiveCfg = Release|Any CPU
		{35711AEB-F710-4397-A5B7-85BA637CCB3B}.Release|Any CPU.Build.0 = Release|Any CPU
		{F2E4FDA8-BC56-4280-A454-36052BAC4856}.Debug|Any CPU.ActiveCfg = Debug|Any CPU
		{F2E4FDA8-BC56-4280-A454-36052BAC4856}.Debug|Any CPU.Build.0 = Debug|Any CPU
		{F2E4FDA8-BC56-4280-A454-36052BAC4856}.Release|Any CPU.ActiveCfg = Release|Any CPU
		{F2E4FDA8-BC56-4280-A454-36052BAC4856}.Release|Any CPU.Build.0 = Release|Any CPU
		{4FB13BAA-D7D2-4311-B141-9578AE1E5DC0}.Debug|Any CPU.ActiveCfg = Debug|Any CPU
		{4FB13BAA-D7D2-4311-B141-9578AE1E5DC0}.Debug|Any CPU.Build.0 = Debug|Any CPU
		{4FB13BAA-D7D2-4311-B141-9578AE1E5DC0}.Release|Any CPU.ActiveCfg = Release|Any CPU
		{4FB13BAA-D7D2-4311-B141-9578AE1E5DC0}.Release|Any CPU.Build.0 = Release|Any CPU
		{0104F636-AE16-44D8-BC88-A930199FA8AC}.Debug|Any CPU.ActiveCfg = Debug|Any CPU
		{0104F636-AE16-44D8-BC88-A930199FA8AC}.Debug|Any CPU.Build.0 = Debug|Any CPU
		{0104F636-AE16-44D8-BC88-A930199FA8AC}.Release|Any CPU.ActiveCfg = Release|Any CPU
		{0104F636-AE16-44D8-BC88-A930199FA8AC}.Release|Any CPU.Build.0 = Release|Any CPU
		{61421D8E-BD29-40FF-87E1-9FA6E126A928}.Debug|Any CPU.ActiveCfg = Debug|Any CPU
		{61421D8E-BD29-40FF-87E1-9FA6E126A928}.Debug|Any CPU.Build.0 = Debug|Any CPU
		{61421D8E-BD29-40FF-87E1-9FA6E126A928}.Release|Any CPU.ActiveCfg = Release|Any CPU
		{61421D8E-BD29-40FF-87E1-9FA6E126A928}.Release|Any CPU.Build.0 = Release|Any CPU
		{2A3BFE1C-89F3-4954-9B63-6547AAA23815}.Debug|Any CPU.ActiveCfg = Debug|Any CPU
		{2A3BFE1C-89F3-4954-9B63-6547AAA23815}.Debug|Any CPU.Build.0 = Debug|Any CPU
		{2A3BFE1C-89F3-4954-9B63-6547AAA23815}.Release|Any CPU.ActiveCfg = Release|Any CPU
		{2A3BFE1C-89F3-4954-9B63-6547AAA23815}.Release|Any CPU.Build.0 = Release|Any CPU
		{2B9E08C9-2548-4782-9CD7-B5B3DC87947B}.Debug|Any CPU.ActiveCfg = Debug|Any CPU
		{2B9E08C9-2548-4782-9CD7-B5B3DC87947B}.Debug|Any CPU.Build.0 = Debug|Any CPU
		{2B9E08C9-2548-4782-9CD7-B5B3DC87947B}.Release|Any CPU.ActiveCfg = Release|Any CPU
		{2B9E08C9-2548-4782-9CD7-B5B3DC87947B}.Release|Any CPU.Build.0 = Release|Any CPU
		{1FF72500-C093-4684-A873-DE05F9258B24}.Debug|Any CPU.ActiveCfg = Debug|Any CPU
		{1FF72500-C093-4684-A873-DE05F9258B24}.Debug|Any CPU.Build.0 = Debug|Any CPU
		{1FF72500-C093-4684-A873-DE05F9258B24}.Release|Any CPU.ActiveCfg = Release|Any CPU
		{1FF72500-C093-4684-A873-DE05F9258B24}.Release|Any CPU.Build.0 = Release|Any CPU
		{526F5C25-F6E3-4670-B9DE-1D229B3E5A68}.Debug|Any CPU.ActiveCfg = Debug|Any CPU
		{526F5C25-F6E3-4670-B9DE-1D229B3E5A68}.Debug|Any CPU.Build.0 = Debug|Any CPU
		{526F5C25-F6E3-4670-B9DE-1D229B3E5A68}.Release|Any CPU.ActiveCfg = Release|Any CPU
		{526F5C25-F6E3-4670-B9DE-1D229B3E5A68}.Release|Any CPU.Build.0 = Release|Any CPU
		{026D0696-6257-484A-B813-707DE4470A26}.Debug|Any CPU.ActiveCfg = Debug|Any CPU
		{026D0696-6257-484A-B813-707DE4470A26}.Debug|Any CPU.Build.0 = Debug|Any CPU
		{026D0696-6257-484A-B813-707DE4470A26}.Release|Any CPU.ActiveCfg = Release|Any CPU
		{026D0696-6257-484A-B813-707DE4470A26}.Release|Any CPU.Build.0 = Release|Any CPU
		{E5F90D64-25D0-45A0-9B0B-CDF3DFBA71AF}.Debug|Any CPU.ActiveCfg = Debug|Any CPU
		{E5F90D64-25D0-45A0-9B0B-CDF3DFBA71AF}.Debug|Any CPU.Build.0 = Debug|Any CPU
		{E5F90D64-25D0-45A0-9B0B-CDF3DFBA71AF}.Release|Any CPU.ActiveCfg = Release|Any CPU
		{E5F90D64-25D0-45A0-9B0B-CDF3DFBA71AF}.Release|Any CPU.Build.0 = Release|Any CPU
		{040C97F4-61AB-4640-B0EB-E060E4518F6C}.Debug|Any CPU.ActiveCfg = Debug|Any CPU
		{040C97F4-61AB-4640-B0EB-E060E4518F6C}.Debug|Any CPU.Build.0 = Debug|Any CPU
		{040C97F4-61AB-4640-B0EB-E060E4518F6C}.Release|Any CPU.ActiveCfg = Release|Any CPU
		{040C97F4-61AB-4640-B0EB-E060E4518F6C}.Release|Any CPU.Build.0 = Release|Any CPU
		{7828CF90-728E-4B35-9871-2414F4A38991}.Debug|Any CPU.ActiveCfg = Debug|Any CPU
		{7828CF90-728E-4B35-9871-2414F4A38991}.Debug|Any CPU.Build.0 = Debug|Any CPU
		{7828CF90-728E-4B35-9871-2414F4A38991}.Release|Any CPU.ActiveCfg = Release|Any CPU
		{7828CF90-728E-4B35-9871-2414F4A38991}.Release|Any CPU.Build.0 = Release|Any CPU
		{35EC25B6-78D6-4B2A-B64F-E1E94EB71816}.Debug|Any CPU.ActiveCfg = Debug|Any CPU
		{35EC25B6-78D6-4B2A-B64F-E1E94EB71816}.Debug|Any CPU.Build.0 = Debug|Any CPU
		{35EC25B6-78D6-4B2A-B64F-E1E94EB71816}.Release|Any CPU.ActiveCfg = Release|Any CPU
		{35EC25B6-78D6-4B2A-B64F-E1E94EB71816}.Release|Any CPU.Build.0 = Release|Any CPU
		{1B0C48A9-D27B-4953-9AC7-323813E6487A}.Debug|Any CPU.ActiveCfg = Debug|Any CPU
		{1B0C48A9-D27B-4953-9AC7-323813E6487A}.Debug|Any CPU.Build.0 = Debug|Any CPU
		{1B0C48A9-D27B-4953-9AC7-323813E6487A}.Release|Any CPU.ActiveCfg = Release|Any CPU
		{1B0C48A9-D27B-4953-9AC7-323813E6487A}.Release|Any CPU.Build.0 = Release|Any CPU
	EndGlobalSection
	GlobalSection(SolutionProperties) = preSolution
		HideSolutionNode = FALSE
	EndGlobalSection
	GlobalSection(NestedProjects) = preSolution
		{EC9AD370-118E-4A57-B2EA-37FCB11933F9} = {CB7D654B-192D-4F21-91C7-98E6D47A6142}
		{A7DA07A0-C8EC-451C-BD1C-1595EEF36FEB} = {CB7D654B-192D-4F21-91C7-98E6D47A6142}
		{E179ECE7-5BFE-4B6E-B666-CBA940083744} = {CB7D654B-192D-4F21-91C7-98E6D47A6142}
		{F337ED42-BC9D-469C-AF3D-2A11865194BE} = {CB7D654B-192D-4F21-91C7-98E6D47A6142}
		{1B6EEB5C-2154-4238-BFF8-45EF7C15B0BB} = {CB7D654B-192D-4F21-91C7-98E6D47A6142}
		{CCF2C13D-C324-4398-BCFE-08C73550DE8B} = {CB7D654B-192D-4F21-91C7-98E6D47A6142}
		{5B793D34-B5A6-4BB1-8CB5-D7F7D4C625AB} = {CB7D654B-192D-4F21-91C7-98E6D47A6142}
		{AD9D2A0B-20EC-4874-9A87-8E25EA2A2B26} = {A7DA07A0-C8EC-451C-BD1C-1595EEF36FEB}
		{740FF5F4-5FE7-40E0-9C2B-40B671A69B01} = {A7DA07A0-C8EC-451C-BD1C-1595EEF36FEB}
		{E2939581-2EB6-4A52-A732-AAA7E8345313} = {E179ECE7-5BFE-4B6E-B666-CBA940083744}
		{D57D02BE-CDB3-46A9-BC75-FDED1606CA07} = {E179ECE7-5BFE-4B6E-B666-CBA940083744}
		{B2B53385-69F5-4DCC-9DAB-5A29D22191C2} = {E179ECE7-5BFE-4B6E-B666-CBA940083744}
		{84E8C805-19A2-4972-A9AA-911CA5BF8056} = {E179ECE7-5BFE-4B6E-B666-CBA940083744}
		{869825AE-0DD1-4F1D-BC16-EA446865C4C7} = {D57D02BE-CDB3-46A9-BC75-FDED1606CA07}
		{AD5112C5-81AF-485E-B33B-86D84255DA39} = {D57D02BE-CDB3-46A9-BC75-FDED1606CA07}
		{1CCC2DE1-A50B-43C0-B16D-B929816C131B} = {D57D02BE-CDB3-46A9-BC75-FDED1606CA07}
		{90CCF192-9A63-46B8-BF2B-7E4DC2AAC88D} = {D57D02BE-CDB3-46A9-BC75-FDED1606CA07}
		{35F1FAD2-8B64-4699-A542-121F942B165C} = {E2939581-2EB6-4A52-A732-AAA7E8345313}
		{EAC4DF5B-CC82-4CC4-BDC4-FD9747EB7B80} = {E2939581-2EB6-4A52-A732-AAA7E8345313}
		{C015F1F4-2541-448B-B024-2AE240B76D02} = {E2939581-2EB6-4A52-A732-AAA7E8345313}
		{35711AEB-F710-4397-A5B7-85BA637CCB3B} = {1B6EEB5C-2154-4238-BFF8-45EF7C15B0BB}
		{F2E4FDA8-BC56-4280-A454-36052BAC4856} = {1B6EEB5C-2154-4238-BFF8-45EF7C15B0BB}
		{4FB13BAA-D7D2-4311-B141-9578AE1E5DC0} = {F337ED42-BC9D-469C-AF3D-2A11865194BE}
		{0104F636-AE16-44D8-BC88-A930199FA8AC} = {F337ED42-BC9D-469C-AF3D-2A11865194BE}
		{61421D8E-BD29-40FF-87E1-9FA6E126A928} = {5B793D34-B5A6-4BB1-8CB5-D7F7D4C625AB}
		{2A3BFE1C-89F3-4954-9B63-6547AAA23815} = {5B793D34-B5A6-4BB1-8CB5-D7F7D4C625AB}
		{2B9E08C9-2548-4782-9CD7-B5B3DC87947B} = {A7DA07A0-C8EC-451C-BD1C-1595EEF36FEB}
		{1FF72500-C093-4684-A873-DE05F9258B24} = {1B6EEB5C-2154-4238-BFF8-45EF7C15B0BB}
		{526F5C25-F6E3-4670-B9DE-1D229B3E5A68} = {5B793D34-B5A6-4BB1-8CB5-D7F7D4C625AB}
		{026D0696-6257-484A-B813-707DE4470A26} = {E179ECE7-5BFE-4B6E-B666-CBA940083744}
		{5EB5B69C-E138-477C-B765-295E2C88D205} = {CB7D654B-192D-4F21-91C7-98E6D47A6142}
		{E5F90D64-25D0-45A0-9B0B-CDF3DFBA71AF} = {A7DA07A0-C8EC-451C-BD1C-1595EEF36FEB}
		{040C97F4-61AB-4640-B0EB-E060E4518F6C} = {E179ECE7-5BFE-4B6E-B666-CBA940083744}
		{7828CF90-728E-4B35-9871-2414F4A38991} = {5B793D34-B5A6-4BB1-8CB5-D7F7D4C625AB}
		{35EC25B6-78D6-4B2A-B64F-E1E94EB71816} = {1B6EEB5C-2154-4238-BFF8-45EF7C15B0BB}
		{1B0C48A9-D27B-4953-9AC7-323813E6487A} = {E2939581-2EB6-4A52-A732-AAA7E8345313}
	EndGlobalSection
EndGlobal
